
Microsoft Visual Studio Solution File, Format Version 12.00
# Visual Studio 2012
Project("{FAE04EC0-301F-11D3-BF4B-00C04F79EFBC}") = "code melli", "code melli\code melli.csproj", "{ED4C2748-B790-4F9F-9C73-E386C2AC8A0C}"
EndProject
Global
	GlobalSection(SolutionConfigurationPlatforms) = preSolution
		Debug|Any CPU = Debug|Any CPU
		Release|Any CPU = Release|Any CPU
	EndGlobalSection
	GlobalSection(ProjectConfigurationPlatforms) = postSolution
		{ED4C2748-B790-4F9F-9C73-E386C2AC8A0C}.Debug|Any CPU.ActiveCfg = Debug|Any CPU
		{ED4C2748-B790-4F9F-9C73-E386C2AC8A0C}.Debug|Any CPU.Build.0 = Debug|Any CPU
		{ED4C2748-B790-4F9F-9C73-E386C2AC8A0C}.Release|Any CPU.ActiveCfg = Release|Any CPU
		{ED4C2748-B790-4F9F-9C73-E386C2AC8A0C}.Release|Any CPU.Build.0 = Release|Any CPU
	EndGlobalSection
	GlobalSection(SolutionProperties) = preSolution
		HideSolutionNode = FALSE
	EndGlobalSection
EndGlobal
